
Microsoft Visual Studio Solution File, Format Version 12.00
# Visual Studio Version 17
VisualStudioVersion = 17.0.32126.317
MinimumVisualStudioVersion = 10.0.40219.1
Project("{9A19103F-16F7-4668-BE54-9A1E7A4F7556}") = "Snater.Services.Profile", "ProfileService\Snater.Services.Profile.csproj", "{DC73181F-E143-4135-B3C7-0223D95A4AA6}"
EndProject
Project("{9A19103F-16F7-4668-BE54-9A1E7A4F7556}") = "Snater.Ocelot_API_Gateway", "Snater.Ocelot_API_Gateway\Snater.Ocelot_API_Gateway.csproj", "{9B60C21E-BA9F-4785-BBCF-06120C426839}"
EndProject
Project("{9A19103F-16F7-4668-BE54-9A1E7A4F7556}") = "FriendService", "FriendService\FriendService.csproj", "{CD289545-955B-4370-A925-C2932C87C701}"
EndProject
Project("{9A19103F-16F7-4668-BE54-9A1E7A4F7556}") = "Snater.Services.Chats", "Snater.Services.Chat\Snater.Services.Chats.csproj", "{25BB2C04-475C-44FB-B094-A6E1176B3635}"
EndProject
Project("{9A19103F-16F7-4668-BE54-9A1E7A4F7556}") = "Snater.Services.Chats.Test", "Snater.Services.Chat.Test\Snater.Services.Chats.Test.csproj", "{9D3D2D6B-9231-476C-A57B-7300C8CAF5A4}"
EndProject
Project("{9A19103F-16F7-4668-BE54-9A1E7A4F7556}") = "Snater.Services.Friends", "Snater.Services.Friend\Snater.Services.Friends.csproj", "{21CABFFD-0B9C-4ABF-98ED-9C60D0D2DBF5}"
EndProject
Project("{FAE04EC0-301F-11D3-BF4B-00C04F79EFBC}") = "Snater.Services.Friends.Test", "Snater.Services.Friends.Test\Snater.Services.Friends.Test.csproj", "{A3E3840A-8EC3-4F16-86AF-B86317EF5AB8}"
EndProject
Global
	GlobalSection(SolutionConfigurationPlatforms) = preSolution
		Debug|Any CPU = Debug|Any CPU
		Release|Any CPU = Release|Any CPU
	EndGlobalSection
	GlobalSection(ProjectConfigurationPlatforms) = postSolution
		{DC73181F-E143-4135-B3C7-0223D95A4AA6}.Debug|Any CPU.ActiveCfg = Debug|Any CPU
		{DC73181F-E143-4135-B3C7-0223D95A4AA6}.Debug|Any CPU.Build.0 = Debug|Any CPU
		{DC73181F-E143-4135-B3C7-0223D95A4AA6}.Release|Any CPU.ActiveCfg = Release|Any CPU
		{DC73181F-E143-4135-B3C7-0223D95A4AA6}.Release|Any CPU.Build.0 = Release|Any CPU
		{9B60C21E-BA9F-4785-BBCF-06120C426839}.Debug|Any CPU.ActiveCfg = Debug|Any CPU
		{9B60C21E-BA9F-4785-BBCF-06120C426839}.Debug|Any CPU.Build.0 = Debug|Any CPU
		{9B60C21E-BA9F-4785-BBCF-06120C426839}.Release|Any CPU.ActiveCfg = Release|Any CPU
		{9B60C21E-BA9F-4785-BBCF-06120C426839}.Release|Any CPU.Build.0 = Release|Any CPU
		{CD289545-955B-4370-A925-C2932C87C701}.Debug|Any CPU.ActiveCfg = Debug|Any CPU
		{CD289545-955B-4370-A925-C2932C87C701}.Debug|Any CPU.Build.0 = Debug|Any CPU
		{CD289545-955B-4370-A925-C2932C87C701}.Release|Any CPU.ActiveCfg = Release|Any CPU
		{CD289545-955B-4370-A925-C2932C87C701}.Release|Any CPU.Build.0 = Release|Any CPU
		{25BB2C04-475C-44FB-B094-A6E1176B3635}.Debug|Any CPU.ActiveCfg = Debug|Any CPU
		{25BB2C04-475C-44FB-B094-A6E1176B3635}.Debug|Any CPU.Build.0 = Debug|Any CPU
		{25BB2C04-475C-44FB-B094-A6E1176B3635}.Release|Any CPU.ActiveCfg = Release|Any CPU
		{25BB2C04-475C-44FB-B094-A6E1176B3635}.Release|Any CPU.Build.0 = Release|Any CPU
		{9D3D2D6B-9231-476C-A57B-7300C8CAF5A4}.Debug|Any CPU.ActiveCfg = Debug|Any CPU
		{9D3D2D6B-9231-476C-A57B-7300C8CAF5A4}.Debug|Any CPU.Build.0 = Debug|Any CPU
		{9D3D2D6B-9231-476C-A57B-7300C8CAF5A4}.Release|Any CPU.ActiveCfg = Release|Any CPU
		{9D3D2D6B-9231-476C-A57B-7300C8CAF5A4}.Release|Any CPU.Build.0 = Release|Any CPU
		{21CABFFD-0B9C-4ABF-98ED-9C60D0D2DBF5}.Debug|Any CPU.ActiveCfg = Debug|Any CPU
		{21CABFFD-0B9C-4ABF-98ED-9C60D0D2DBF5}.Debug|Any CPU.Build.0 = Debug|Any CPU
		{21CABFFD-0B9C-4ABF-98ED-9C60D0D2DBF5}.Release|Any CPU.ActiveCfg = Release|Any CPU
		{21CABFFD-0B9C-4ABF-98ED-9C60D0D2DBF5}.Release|Any CPU.Build.0 = Release|Any CPU
		{A3E3840A-8EC3-4F16-86AF-B86317EF5AB8}.Debug|Any CPU.ActiveCfg = Debug|Any CPU
		{A3E3840A-8EC3-4F16-86AF-B86317EF5AB8}.Debug|Any CPU.Build.0 = Debug|Any CPU
		{A3E3840A-8EC3-4F16-86AF-B86317EF5AB8}.Release|Any CPU.ActiveCfg = Release|Any CPU
		{A3E3840A-8EC3-4F16-86AF-B86317EF5AB8}.Release|Any CPU.Build.0 = Release|Any CPU
	EndGlobalSection
	GlobalSection(SolutionProperties) = preSolution
		HideSolutionNode = FALSE
	EndGlobalSection
	GlobalSection(ExtensibilityGlobals) = postSolution
		SolutionGuid = {1F1BD5FE-FE78-4543-A37C-8B73A3D60660}
	EndGlobalSection
EndGlobal
